
Microsoft Visual Studio Solution File, Format Version 12.00
# Visual Studio Version 16
VisualStudioVersion = 16.0.30907.101
MinimumVisualStudioVersion = 10.0.40219.1
Project("{8BC9CEB8-8B4A-11D0-8D11-00A0C91BC942}") = "LLHelper", "LLHelper\LLHelper.vcxproj", "{A1BB280D-36D6-4515-9922-AA2173921E75}"
EndProject
Project("{8BC9CEB8-8B4A-11D0-8D11-00A0C91BC942}") = "LLMoney", "LLMoney\LLMoney.vcxproj", "{324B932F-D3B3-4E00-87FC-A27DE857FF91}"
EndProject
Project("{8BC9CEB8-8B4A-11D0-8D11-00A0C91BC942}") = "LLtpa", "LLtpa\LLtpa.vcxproj", "{F87A7B49-7775-499E-B306-D01DF16D59E3}"
EndProject
Global
	GlobalSection(SolutionConfigurationPlatforms) = preSolution
		Debug|x64 = Debug|x64
		Debug|x86 = Debug|x86
		Release|x64 = Release|x64
		Release|x86 = Release|x86
	EndGlobalSection
	GlobalSection(ProjectConfigurationPlatforms) = postSolution
		{A1BB280D-36D6-4515-9922-AA2173921E75}.Debug|x64.ActiveCfg = Debug|x64
		{A1BB280D-36D6-4515-9922-AA2173921E75}.Debug|x64.Build.0 = Debug|x64
		{A1BB280D-36D6-4515-9922-AA2173921E75}.Debug|x86.ActiveCfg = Debug|Win32
		{A1BB280D-36D6-4515-9922-AA2173921E75}.Debug|x86.Build.0 = Debug|Win32
		{A1BB280D-36D6-4515-9922-AA2173921E75}.Release|x64.ActiveCfg = Release|x64
		{A1BB280D-36D6-4515-9922-AA2173921E75}.Release|x64.Build.0 = Release|x64
		{A1BB280D-36D6-4515-9922-AA2173921E75}.Release|x86.ActiveCfg = Release|Win32
		{A1BB280D-36D6-4515-9922-AA2173921E75}.Release|x86.Build.0 = Release|Win32
		{324B932F-D3B3-4E00-87FC-A27DE857FF91}.Debug|x64.ActiveCfg = Debug|x64
		{324B932F-D3B3-4E00-87FC-A27DE857FF91}.Debug|x64.Build.0 = Debug|x64
		{324B932F-D3B3-4E00-87FC-A27DE857FF91}.Debug|x86.ActiveCfg = Debug|Win32
		{324B932F-D3B3-4E00-87FC-A27DE857FF91}.Debug|x86.Build.0 = Debug|Win32
		{324B932F-D3B3-4E00-87FC-A27DE857FF91}.Release|x64.ActiveCfg = Release|x64
		{324B932F-D3B3-4E00-87FC-A27DE857FF91}.Release|x64.Build.0 = Release|x64
		{324B932F-D3B3-4E00-87FC-A27DE857FF91}.Release|x86.ActiveCfg = Release|Win32
		{324B932F-D3B3-4E00-87FC-A27DE857FF91}.Release|x86.Build.0 = Release|Win32
		{F87A7B49-7775-499E-B306-D01DF16D59E3}.Debug|x64.ActiveCfg = Debug|x64
		{F87A7B49-7775-499E-B306-D01DF16D59E3}.Debug|x64.Build.0 = Debug|x64
		{F87A7B49-7775-499E-B306-D01DF16D59E3}.Debug|x86.ActiveCfg = Debug|Win32
		{F87A7B49-7775-499E-B306-D01DF16D59E3}.Debug|x86.Build.0 = Debug|Win32
		{F87A7B49-7775-499E-B306-D01DF16D59E3}.Release|x64.ActiveCfg = Release|x64
		{F87A7B49-7775-499E-B306-D01DF16D59E3}.Release|x64.Build.0 = Release|x64
		{F87A7B49-7775-499E-B306-D01DF16D59E3}.Release|x86.ActiveCfg = Release|Win32
		{F87A7B49-7775-499E-B306-D01DF16D59E3}.Release|x86.Build.0 = Release|Win32
	EndGlobalSection
	GlobalSection(SolutionProperties) = preSolution
		HideSolutionNode = FALSE
	EndGlobalSection
	GlobalSection(ExtensibilityGlobals) = postSolution
		SolutionGuid = {FB2A1BB1-0523-483C-AB59-9755C35A4FD0}
	EndGlobalSection
EndGlobal
